
Microsoft Visual Studio Solution File, Format Version 12.00
# Visual Studio Version 17
VisualStudioVersion = 17.12.35707.178 d17.12
MinimumVisualStudioVersion = 10.0.40219.1
Project("{FAE04EC0-301F-11D3-BF4B-00C04F79EFBC}") = "MvcApiClient", "MvcApiClient\MvcApiClient.csproj", "{42CAA94F-6EDA-41C0-8D99-22A3E53BC43E}"
EndProject
Global
	GlobalSection(SolutionConfigurationPlatforms) = preSolution
		Debug|Any CPU = Debug|Any CPU
		Release|Any CPU = Release|Any CPU
	EndGlobalSection
	GlobalSection(ProjectConfigurationPlatforms) = postSolution
		{42CAA94F-6EDA-41C0-8D99-22A3E53BC43E}.Debug|Any CPU.ActiveCfg = Debug|Any CPU
		{42CAA94F-6EDA-41C0-8D99-22A3E53BC43E}.Debug|Any CPU.Build.0 = Debug|Any CPU
		{42CAA94F-6EDA-41C0-8D99-22A3E53BC43E}.Release|Any CPU.ActiveCfg = Release|Any CPU
		{42CAA94F-6EDA-41C0-8D99-22A3E53BC43E}.Release|Any CPU.Build.0 = Release|Any CPU
	EndGlobalSection
	GlobalSection(SolutionProperties) = preSolution
		HideSolutionNode = FALSE
	EndGlobalSection
EndGlobal
